
Microsoft Visual Studio Solution File, Format Version 12.00
# Visual Studio Version 17
VisualStudioVersion = 17.10.34612.221
MinimumVisualStudioVersion = 10.0.40219.1
Project("{9A19103F-16F7-4668-BE54-9A1E7A4F7556}") = "WinForms.PowerTools.Direct2D", "WinFormsPowerTools.Direct2D\WinForms.PowerTools.Direct2D.csproj", "{6B1C38D2-72C2-4BA8-B670-DB7E0CE019D3}"
EndProject
Project("{9A19103F-16F7-4668-BE54-9A1E7A4F7556}") = "WinFormsPowerTools.Direct2D", "WinFormsPowerTools.Direct2D.Packages\WinFormsPowerTools.Direct2D.csproj", "{B4519DDB-E620-46C9-87E0-6732E4794C86}"
EndProject
Project("{FAE04EC0-301F-11D3-BF4B-00C04F79EFBC}") = "D2DTestApp", "D2DTestApp\D2DTestApp.csproj", "{07A4B020-3F2F-4344-8BBB-473237497B2B}"
EndProject
Global
	GlobalSection(SolutionConfigurationPlatforms) = preSolution
		Debug|Any CPU = Debug|Any CPU
		Release|Any CPU = Release|Any CPU
	EndGlobalSection
	GlobalSection(ProjectConfigurationPlatforms) = postSolution
		{6B1C38D2-72C2-4BA8-B670-DB7E0CE019D3}.Debug|Any CPU.ActiveCfg = Debug|Any CPU
		{6B1C38D2-72C2-4BA8-B670-DB7E0CE019D3}.Debug|Any CPU.Build.0 = Debug|Any CPU
		{6B1C38D2-72C2-4BA8-B670-DB7E0CE019D3}.Release|Any CPU.ActiveCfg = Release|Any CPU
		{6B1C38D2-72C2-4BA8-B670-DB7E0CE019D3}.Release|Any CPU.Build.0 = Release|Any CPU
		{B4519DDB-E620-46C9-87E0-6732E4794C86}.Debug|Any CPU.ActiveCfg = Debug|Any CPU
		{B4519DDB-E620-46C9-87E0-6732E4794C86}.Debug|Any CPU.Build.0 = Debug|Any CPU
		{B4519DDB-E620-46C9-87E0-6732E4794C86}.Release|Any CPU.ActiveCfg = Release|Any CPU
		{B4519DDB-E620-46C9-87E0-6732E4794C86}.Release|Any CPU.Build.0 = Release|Any CPU
		{07A4B020-3F2F-4344-8BBB-473237497B2B}.Debug|Any CPU.ActiveCfg = Debug|Any CPU
		{07A4B020-3F2F-4344-8BBB-473237497B2B}.Debug|Any CPU.Build.0 = Debug|Any CPU
		{07A4B020-3F2F-4344-8BBB-473237497B2B}.Release|Any CPU.ActiveCfg = Release|Any CPU
		{07A4B020-3F2F-4344-8BBB-473237497B2B}.Release|Any CPU.Build.0 = Release|Any CPU
	EndGlobalSection
	GlobalSection(SolutionProperties) = preSolution
		HideSolutionNode = FALSE
	EndGlobalSection
	GlobalSection(ExtensibilityGlobals) = postSolution
		SolutionGuid = {8024A987-7A53-45FF-BA35-03E8BA4AF21B}
	EndGlobalSection
EndGlobal
